// !$*UTF8*$!
{
	archiveVersion = 1;
	classes = {
	};
	objectVersion = 46;
	objects = {

/* Begin PBXBuildFile section */
		803E875C1CD12A0E007D52DC /* AppDelegate.swift in Sources */ = {isa = PBXBuildFile; fileRef = 803E875B1CD12A0E007D52DC /* AppDelegate.swift */; };
		803E875E1CD12A0E007D52DC /* ViewController.swift in Sources */ = {isa = PBXBuildFile; fileRef = 803E875D1CD12A0E007D52DC /* ViewController.swift */; };
		803E87611CD12A0E007D52DC /* Main.storyboard in Resources */ = {isa = PBXBuildFile; fileRef = 803E875F1CD12A0E007D52DC /* Main.storyboard */; };
		803E87661CD12A0E007D52DC /* LaunchScreen.storyboard in Resources */ = {isa = PBXBuildFile; fileRef = 803E87641CD12A0E007D52DC /* LaunchScreen.storyboard */; };
		80B6E68A1CE12C2E002FF62F /* Assets.xcassets in Resources */ = {isa = PBXBuildFile; fileRef = 80B6E6891CE12C2E002FF62F /* Assets.xcassets */; };
/* End PBXBuildFile section */

/* Begin PBXFileReference section */
		803E87581CD12A0E007D52DC /* Monkey App.app */ = {isa = PBXFileReference; explicitFileType = wrapper.application; includeInIndex = 0; path = "Monkey App.app"; sourceTree = BUILT_PRODUCTS_DIR; };
		803E875B1CD12A0E007D52DC /* AppDelegate.swift */ = {isa = PBXFileReference; lastKnownFileType = sourcecode.swift; path = AppDelegate.swift; sourceTree = "<group>"; };
		803E875D1CD12A0E007D52DC /* ViewController.swift */ = {isa = PBXFileReference; lastKnownFileType = sourcecode.swift; path = ViewController.swift; sourceTree = "<group>"; };
		803E87601CD12A0E007D52DC /* Base */ = {isa = PBXFileReference; lastKnownFileType = file.storyboard; name = Base; path = Base.lproj/Main.storyboard; sourceTree = "<group>"; };
		803E87651CD12A0E007D52DC /* Base */ = {isa = PBXFileReference; lastKnownFileType = file.storyboard; name = Base; path = Base.lproj/LaunchScreen.storyboard; sourceTree = "<group>"; };
		803E87671CD12A0E007D52DC /* Info.plist */ = {isa = PBXFileReference; lastKnownFileType = text.plist.xml; path = Info.plist; sourceTree = "<group>"; };
		80B6E6891CE12C2E002FF62F /* Assets.xcassets */ = {isa = PBXFileReference; lastKnownFileType = folder.assetcatalog; path = Assets.xcassets; sourceTree = "<group>"; };
/* End PBXFileReference section */

/* Begin PBXFrameworksBuildPhase section */
		803E87551CD12A0E007D52DC /* Frameworks */ = {
			isa = PBXFrameworksBuildPhase;
			buildActionMask = 2147483647;
			files = (
			);
			runOnlyForDeploymentPostprocessing = 0;
		};
/* End PBXFrameworksBuildPhase section */

/* Begin PBXGroup section */
		803E874F1CD12A0E007D52DC = {
			isa = PBXGroup;
			children = (
				803E875A1CD12A0E007D52DC /* NewCoolApp */,
				803E87591CD12A0E007D52DC /* Products */,
			);
			sourceTree = "<group>";
		};
		803E87591CD12A0E007D52DC /* Products */ = {
			isa = PBXGroup;
			children = (
				803E87581CD12A0E007D52DC /* Monkey App.app */,
			);
			name = Products;
			sourceTree = "<group>";
		};
		803E875A1CD12A0E007D52DC /* NewCoolApp */ = {
			isa = PBXGroup;
			children = (
				803E875B1CD12A0E007D52DC /* AppDelegate.swift */,
				803E875D1CD12A0E007D52DC /* ViewController.swift */,
				803E875F1CD12A0E007D52DC /* Main.storyboard */,
				80B6E6891CE12C2E002FF62F /* Assets.xcassets */,
				803E87641CD12A0E007D52DC /* LaunchScreen.storyboard */,
				803E87671CD12A0E007D52DC /* Info.plist */,
			);
			path = NewCoolApp;
			sourceTree = "<group>";
		};
/* End PBXGroup section */

/* Begin PBXNativeTarget section */
		803E87571CD12A0E007D52DC /* Monkey App */ = {
			isa = PBXNativeTarget;
			buildConfigurationList = 803E876A1CD12A0E007D52DC /* Build configuration list for PBXNativeTarget "Monkey App" */;
			buildPhases = (
				803E87541CD12A0E007D52DC /* Sources */,
				803E87551CD12A0E007D52DC /* Frameworks */,
				803E87561CD12A0E007D52DC /* Resources */,
			);
			buildRules = (
			);
			dependencies = (
			);
			name = "Monkey App";
			productName = NewCoolApp;
			productReference = 803E87581CD12A0E007D52DC /* Monkey App.app */;
			productType = "com.apple.product-type.application";
		};
/* End PBXNativeTarget section */

/* Begin PBXProject section */
		803E87501CD12A0E007D52DC /* Project object */ = {
			isa = PBXProject;
			attributes = {
				LastSwiftUpdateCheck = 0730;
				LastUpgradeCheck = 0730;
				ORGANIZATIONNAME = "Daniel Stagnaro";
				TargetAttributes = {
					803E87571CD12A0E007D52DC = {
						CreatedOnToolsVersion = 7.3;
						DevelopmentTeam = 8VDD8AKFJ8;
					};
				};
			};
			buildConfigurationList = 803E87531CD12A0E007D52DC /* Build configuration list for PBXProject "Monkey App" */;
			compatibilityVersion = "Xcode 3.2";
			developmentRegion = English;
			hasScannedForEncodings = 0;
			knownRegions = (
				en,
				Base,
			);
			mainGroup = 803E874F1CD12A0E007D52DC;
			productRefGroup = 803E87591CD12A0E007D52DC /* Products */;
			projectDirPath = "";
			projectRoot = "";
			targets = (
				803E87571CD12A0E007D52DC /* Monkey App */,
			);
		};
/* End PBXProject section */

/* Begin PBXResourcesBuildPhase section */
		803E87561CD12A0E007D52DC /* Resources */ = {
			isa = PBXResourcesBuildPhase;
			buildActionMask = 2147483647;
			files = (
				803E87661CD12A0E007D52DC /* LaunchScreen.storyboard in Resources */,
				80B6E68A1CE12C2E002FF62F /* Assets.xcassets in Resources */,
				803E87611CD12A0E007D52DC /* Main.storyboard in Resources */,
			);
			runOnlyForDeploymentPostprocessing = 0;
		};
/* End PBXResourcesBuildPhase section */

/* Begin PBXSourcesBuildPhase section */
		803E87541CD12A0E007D52DC /* Sources */ = {
			isa = PBXSourcesBuildPhase;
			buildActionMask = 2147483647;
			files = (
				803E875E1CD12A0E007D52DC /* ViewController.swift in Sources */,
				803E875C1CD12A0E007D52DC /* AppDelegate.swift in Sources */,
			);
			runOnlyForDeploymentPostprocessing = 0;
		};
/* End PBXSourcesBuildPhase section */

/* Begin PBXVariantGroup section */
		803E875F1CD12A0E007D52DC /* Main.storyboard */ = {
			isa = PBXVariantGroup;
			children = (
				803E87601CD12A0E007D52DC /* Base */,
			);
			name = Main.storyboard;
			sourceTree = "<group>";
		};
		803E87641CD12A0E007D52DC /* LaunchScreen.storyboard */ = {
			isa = PBXVariantGroup;
			children = (
				803E87651CD12A0E007D52DC /* Base */,
			);
			name = LaunchScreen.storyboard;
			sourceTree = "<group>";
		};
/* End PBXVariantGroup section */

/* Begin XCBuildConfiguration section */
		803E87681CD12A0E007D52DC /* Debug */ = {
			isa = XCBuildConfiguration;
			buildSettings = {
				ALWAYS_SEARCH_USER_PATHS = NO;
				CLANG_ANALYZER_NONNULL = YES;
				CLANG_CXX_LANGUAGE_STANDARD = "gnu++0x";
				CLANG_CXX_LIBRARY = "libc++";
				CLANG_ENABLE_MODULES = YES;
				CLANG_ENABLE_OBJC_ARC = YES;
				CLANG_WARN_BOOL_CONVERSION = YES;
				CLANG_WARN_CONSTANT_CONVERSION = YES;
				CLANG_WARN_DIRECT_OBJC_ISA_USAGE = YES_ERROR;
				CLANG_WARN_EMPTY_BODY = YES;
				CLANG_WARN_ENUM_CONVERSION = YES;
				CLANG_WARN_INT_CONVERSION = YES;
				CLANG_WARN_OBJC_ROOT_CLASS = YES_ERROR;
				CLANG_WARN_UNREACHABLE_CODE = YES;
				CLANG_WARN__DUPLICATE_METHOD_MATCH = YES;
				"CODE_SIGN_IDENTITY[sdk=iphoneos*]" = "iPhone Developer";
				COPY_PHASE_STRIP = NO;
				DEBUG_INFORMATION_FORMAT = dwarf;
				ENABLE_STRICT_OBJC_MSGSEND = YES;
				ENABLE_TESTABILITY = YES;
				GCC_C_LANGUAGE_STANDARD = gnu99;
				GCC_DYNAMIC_NO_PIC = NO;
				GCC_NO_COMMON_BLOCKS = YES;
				GCC_OPTIMIZATION_LEVEL = 0;
				GCC_PREPROCESSOR_DEFINITIONS = (
					"DEBUG=1",
					"$(inherited)",
				);
				GCC_WARN_64_TO_32_BIT_CONVERSION = YES;
				GCC_WARN_ABOUT_RETURN_TYPE = YES_ERROR;
				GCC_WARN_UNDECLARED_SELECTOR = YES;
				GCC_WARN_UNINITIALIZED_AUTOS = YES_AGGRESSIVE;
				GCC_WARN_UNUSED_FUNCTION = YES;
				GCC_WARN_UNUSED_VARIABLE = YES;
				IPHONEOS_DEPLOYMENT_TARGET = 9.3;
				MTL_ENABLE_DEBUG_INFO = YES;
				ONLY_ACTIVE_ARCH = YES;
				SDKROOT = iphoneos;
				SWIFT_OPTIMIZATION_LEVEL = "-Onone";
			};
			name = Debug;
		};
		803E87691CD12A0E007D52DC /* Release */ = {
			isa = XCBuildConfiguration;
			buildSettings = {
				ALWAYS_SEARCH_USER_PATHS = NO;
				CLANG_ANALYZER_NONNULL = YES;
				CLANG_CXX_LANGUAGE_STANDARD = "gnu++0x";
				CLANG_CXX_LIBRARY = "libc++";
				CLANG_ENABLE_MODULES = YES;
				CLANG_ENABLE_OBJC_ARC = YES;
				CLANG_WARN_BOOL_CONVERSION = YES;
				CLANG_WARN_CONSTANT_CONVERSION = YES;
				CLANG_WARN_DIRECT_OBJC_ISA_USAGE = YES_ERROR;
				CLANG_WARN_EMPTY_BODY = YES;
				CLANG_WARN_ENUM_CONVERSION = YES;
				CLANG_WARN_INT_CONVERSION = YES;
				CLANG_WARN_OBJC_ROOT_CLASS = YES_ERROR;
				CLANG_WARN_UNREACHABLE_CODE = YES;
				CLANG_WARN__DUPLICATE_METHOD_MATCH = YES;
				"CODE_SIGN_IDENTITY[sdk=iphoneos*]" = "iPhone Developer";
				COPY_PHASE_STRIP = NO;
				DEBUG_INFORMATION_FORMAT = "dwarf-with-dsym";
				ENABLE_NS_ASSERTIONS = NO;
				ENABLE_STRICT_OBJC_MSGSEND = YES;
				GCC_C_LANGUAGE_STANDARD = gnu99;
				GCC_NO_COMMON_BLOCKS = YES;
				GCC_WARN_64_TO_32_BIT_CONVERSION = YES;
				GCC_WARN_ABOUT_RETURN_TYPE = YES_ERROR;
				GCC_WARN_UNDECLARED_SELECTOR = YES;
				GCC_WARN_UNINITIALIZED_AUTOS = YES_AGGRESSIVE;
				GCC_WARN_UNUSED_FUNCTION = YES;
				GCC_WARN_UNUSED_VARIABLE = YES;
				IPHONEOS_DEPLOYMENT_TARGET = 9.3;
				MTL_ENABLE_DEBUG_INFO = NO;
				SDKROOT = iphoneos;
				VALIDATE_PRODUCT = YES;
			};
			name = Release;
		};
		803E876B1CD12A0E007D52DC /* Debug */ = {
			isa = XCBuildConfiguration;
			buildSettings = {
				ASSETCATALOG_COMPILER_APPICON_NAME = AppIcon;
				INFOPLIST_FILE = NewCoolApp/Info.plist;
				LD_RUNPATH_SEARCH_PATHS = "$(inherited) @executable_path/Frameworks";
				PRODUCT_BUNDLE_IDENTIFIER = com.DanielStagnaro.NewCoolApp;
				PRODUCT_NAME = "Monkey App";
			};
			name = Debug;
		};
		803E876C1CD12A0E007D52DC /* Release */ = {
			isa = XCBuildConfiguration;
			buildSettings = {
				ASSETCATALOG_COMPILER_APPICON_NAME = AppIcon;
				INFOPLIST_FILE = NewCoolApp/Info.plist;
				LD_RUNPATH_SEARCH_PATHS = "$(inherited) @executable_path/Frameworks";
				PRODUCT_BUNDLE_IDENTIFIER = com.DanielStagnaro.NewCoolApp;
				PRODUCT_NAME = "Monkey App";
			};
			name = Release;
		};
/* End XCBuildConfiguration section */

/* Begin XCConfigurationList section */
		803E87531CD12A0E007D52DC /* Build configuration list for PBXProject "Monkey App" */ = {
			isa = XCConfigurationList;
			buildConfigurations = (
				803E87681CD12A0E007D52DC /* Debug */,
				803E87691CD12A0E007D52DC /* Release */,
			);
			defaultConfigurationIsVisible = 0;
			defaultConfigurationName = Release;
		};
		803E876A1CD12A0E007D52DC /* Build configuration list for PBXNativeTarget "Monkey App" */ = {
			isa = XCConfigurationList;
			buildConfigurations = (
				803E876B1CD12A0E007D52DC /* Debug */,
				803E876C1CD12A0E007D52DC /* Release */,
			);
			defaultConfigurationIsVisible = 0;
			defaultConfigurationName = Release;
		};
/* End XCConfigurationList section */
	};
	rootObject = 803E87501CD12A0E007D52DC /* Project object */;
}
